hash: 3602a894eb3ec1e8ecfd1dd02c1661c71dfd9f63c5d9f00d3a0819fcaaa50456
updated: 2018-05-10T11:36:40.892638+07:00
imports:
- name: github.com/codegangsta/cli
  version: cfb38830724cc34fedffe9a2a29fb54fa9169cd1
- name: github.com/Masterminds/glide
  version: 67790b3dbede72cfdc54aa53be4706322c9499e0
  subpackages:
  - action
  - cache
  - cfg
  - dependency
  - gb
  - godep
  - godep/strip
  - gom
  - gpm
  - importer
  - mirrors
  - msg
  - path
  - repo
  - tree
  - util
- name: github.com/Masterminds/semver
  version: c7af12943936e8c39859482e61f0574c2fd7fc75
- name: github.com/Masterminds/vcs
  version: 6f1c6d150500e452704e9863f68c2559f58616bf
- name: github.com/mitchellh/go-homedir
  version: b8bc1bf767474819792c23f32d8286a45736f1c6
- name: gopkg.in/yaml.v2
  version: a5b47d31c556af34a302ce5d659e6fea44d90de0
testImports: []
