hash: 6108500762740dd202a4bd9261fd7ff905887014558e352d95c0fcc04d7b88ac
updated: 2016-11-18T10:11:10.40587651+07:00
imports:
- name: github.com/Masterminds/glide
  version: 84607742b10f492430762d038e954236bbaf23f7
  subpackages:
  - cfg
  - godep/strip
  - mirrors
  - msg
  - path
  - util
- name: github.com/Masterminds/vcs
  version: fbe9fb6ad5b5f35b3e82a7c21123cfc526cbf895
- name: gopkg.in/yaml.v2
  version: eca94c41d994ae2215d455ce578ae6e2dc6ee516
testImports: []
